
Microsoft Visual Studio Solution File, Format Version 12.00
# Visual Studio Version 17
VisualStudioVersion = 17.8.34322.80
MinimumVisualStudioVersion = 10.0.40219.1
Project("{FAE04EC0-301F-11D3-BF4B-00C04F79EFBC}") = "TI46ProjetosConsole", "TI46ProjetosConsole\TI46ProjetosConsole.csproj", "{B814506C-E9EB-46C5-BF2A-4769500FD3D3}"
EndProject
Global
	GlobalSection(SolutionConfigurationPlatforms) = preSolution
		Debug|Any CPU = Debug|Any CPU
		Release|Any CPU = Release|Any CPU
	EndGlobalSection
	GlobalSection(ProjectConfigurationPlatforms) = postSolution
		{B814506C-E9EB-46C5-BF2A-4769500FD3D3}.Debug|Any CPU.ActiveCfg = Debug|Any CPU
		{B814506C-E9EB-46C5-BF2A-4769500FD3D3}.Debug|Any CPU.Build.0 = Debug|Any CPU
		{B814506C-E9EB-46C5-BF2A-4769500FD3D3}.Release|Any CPU.ActiveCfg = Release|Any CPU
		{B814506C-E9EB-46C5-BF2A-4769500FD3D3}.Release|Any CPU.Build.0 = Release|Any CPU
	EndGlobalSection
	GlobalSection(SolutionProperties) = preSolution
		HideSolutionNode = FALSE
	EndGlobalSection
	GlobalSection(ExtensibilityGlobals) = postSolution
		SolutionGuid = {700511F9-E955-40B0-86CF-D495FE6586EA}
	EndGlobalSection
EndGlobal
